
Microsoft Visual Studio Solution File, Format Version 12.00
# Visual Studio Version 17
VisualStudioVersion = 17.5.33530.505
MinimumVisualStudioVersion = 10.0.40219.1
Project("{9A19103F-16F7-4668-BE54-9A1E7A4F7556}") = "CodeCapital.AspNetCore.Mvc.TagHelpers", "src\CodeCapital.AspNetCore.Mvc.TagHelpers\CodeCapital.AspNetCore.Mvc.TagHelpers.csproj", "{72CDAABB-9A1A-4E62-B805-0CAFABB53218}"
EndProject
Project("{9A19103F-16F7-4668-BE54-9A1E7A4F7556}") = "CodeCapital.AspNetCore.Mvc.Renderer", "src\CodeCapital.AspNetCore.Mvc.Renderer\CodeCapital.AspNetCore.Mvc.Renderer.csproj", "{F23FA915-4744-42E1-B484-497BCE2ECFCA}"
EndProject
Project("{9A19103F-16F7-4668-BE54-9A1E7A4F7556}") = "CodeCapital.Services", "src\CodeCapital.Services\CodeCapital.Services.csproj", "{CD0F8724-6767-4D47-A551-61F27EF229FE}"
EndProject
Project("{9A19103F-16F7-4668-BE54-9A1E7A4F7556}") = "CodeCapital.System", "src\CodeCapital.System\CodeCapital.System.csproj", "{FB64864F-AD8D-4BF6-9199-8D8918741E78}"
EndProject
Project("{9A19103F-16F7-4668-BE54-9A1E7A4F7556}") = "CodeCapital.AspNetCore.Extensions.Configuration.Json", "src\CodeCapital.AspNetCore.Extensions.Configuration.Json\CodeCapital.AspNetCore.Extensions.Configuration.Json.csproj", "{EC2A5979-D7A7-4567-83D5-1C2AD04A517E}"
EndProject
Project("{9A19103F-16F7-4668-BE54-9A1E7A4F7556}") = "CodeCapital.AspNetCore.RazorLibrary", "src\CodeCapital.AspNetCore.RazorLibrary\CodeCapital.AspNetCore.RazorLibrary.csproj", "{602ECCC6-294A-444E-A8A8-5A19B4DBB4F6}"
EndProject
Project("{2150E333-8FDC-42A3-9474-1A3956D46DE8}") = "Solution Items", "Solution Items", "{12C64F11-7675-4C27-9D5E-97398C2706FB}"
	ProjectSection(SolutionItems) = preProject
		.github\workflows\dotnet-nuget.yml = .github\workflows\dotnet-nuget.yml
		.github\workflows\dotnet.yml = .github\workflows\dotnet.yml
		README.md = README.md
	EndProjectSection
EndProject
Project("{9A19103F-16F7-4668-BE54-9A1E7A4F7556}") = "CodeCapital.System.Text.Json", "src\CodeCapital.System.Text.Json\CodeCapital.System.Text.Json.csproj", "{85C1DBC1-0786-4D93-A879-DAB09F87E3CA}"
EndProject
Project("{9A19103F-16F7-4668-BE54-9A1E7A4F7556}") = "System.Text.Json.Tests", "test\System.Text.Json.Tests\System.Text.Json.Tests.csproj", "{CDD6F3F4-ABBA-4E1F-9F85-99B377C0B168}"
EndProject
Project("{2150E333-8FDC-42A3-9474-1A3956D46DE8}") = "tests", "tests", "{CDCCA403-2F25-4C93-B153-6B654992DF85}"
EndProject
Project("{9A19103F-16F7-4668-BE54-9A1E7A4F7556}") = "System.Text.Json.Benchmark", "test\System.Text.Json.Benchmark\System.Text.Json.Benchmark.csproj", "{362337B0-5CB8-43ED-9F03-8F03A593F220}"
EndProject
Global
	GlobalSection(SolutionConfigurationPlatforms) = preSolution
		Debug|Any CPU = Debug|Any CPU
		Release|Any CPU = Release|Any CPU
	EndGlobalSection
	GlobalSection(ProjectConfigurationPlatforms) = postSolution
		{72CDAABB-9A1A-4E62-B805-0CAFABB53218}.Debug|Any CPU.ActiveCfg = Debug|Any CPU
		{72CDAABB-9A1A-4E62-B805-0CAFABB53218}.Debug|Any CPU.Build.0 = Debug|Any CPU
		{72CDAABB-9A1A-4E62-B805-0CAFABB53218}.Release|Any CPU.ActiveCfg = Release|Any CPU
		{72CDAABB-9A1A-4E62-B805-0CAFABB53218}.Release|Any CPU.Build.0 = Release|Any CPU
		{F23FA915-4744-42E1-B484-497BCE2ECFCA}.Debug|Any CPU.ActiveCfg = Debug|Any CPU
		{F23FA915-4744-42E1-B484-497BCE2ECFCA}.Debug|Any CPU.Build.0 = Debug|Any CPU
		{F23FA915-4744-42E1-B484-497BCE2ECFCA}.Release|Any CPU.ActiveCfg = Release|Any CPU
		{F23FA915-4744-42E1-B484-497BCE2ECFCA}.Release|Any CPU.Build.0 = Release|Any CPU
		{CD0F8724-6767-4D47-A551-61F27EF229FE}.Debug|Any CPU.ActiveCfg = Debug|Any CPU
		{CD0F8724-6767-4D47-A551-61F27EF229FE}.Debug|Any CPU.Build.0 = Debug|Any CPU
		{CD0F8724-6767-4D47-A551-61F27EF229FE}.Release|Any CPU.ActiveCfg = Release|Any CPU
		{CD0F8724-6767-4D47-A551-61F27EF229FE}.Release|Any CPU.Build.0 = Release|Any CPU
		{FB64864F-AD8D-4BF6-9199-8D8918741E78}.Debug|Any CPU.ActiveCfg = Debug|Any CPU
		{FB64864F-AD8D-4BF6-9199-8D8918741E78}.Debug|Any CPU.Build.0 = Debug|Any CPU
		{FB64864F-AD8D-4BF6-9199-8D8918741E78}.Release|Any CPU.ActiveCfg = Release|Any CPU
		{FB64864F-AD8D-4BF6-9199-8D8918741E78}.Release|Any CPU.Build.0 = Release|Any CPU
		{EC2A5979-D7A7-4567-83D5-1C2AD04A517E}.Debug|Any CPU.ActiveCfg = Debug|Any CPU
		{EC2A5979-D7A7-4567-83D5-1C2AD04A517E}.Debug|Any CPU.Build.0 = Debug|Any CPU
		{EC2A5979-D7A7-4567-83D5-1C2AD04A517E}.Release|Any CPU.ActiveCfg = Release|Any CPU
		{EC2A5979-D7A7-4567-83D5-1C2AD04A517E}.Release|Any CPU.Build.0 = Release|Any CPU
		{602ECCC6-294A-444E-A8A8-5A19B4DBB4F6}.Debug|Any CPU.ActiveCfg = Debug|Any CPU
		{602ECCC6-294A-444E-A8A8-5A19B4DBB4F6}.Debug|Any CPU.Build.0 = Debug|Any CPU
		{602ECCC6-294A-444E-A8A8-5A19B4DBB4F6}.Release|Any CPU.ActiveCfg = Release|Any CPU
		{602ECCC6-294A-444E-A8A8-5A19B4DBB4F6}.Release|Any CPU.Build.0 = Release|Any CPU
		{85C1DBC1-0786-4D93-A879-DAB09F87E3CA}.Debug|Any CPU.ActiveCfg = Debug|Any CPU
		{85C1DBC1-0786-4D93-A879-DAB09F87E3CA}.Debug|Any CPU.Build.0 = Debug|Any CPU
		{85C1DBC1-0786-4D93-A879-DAB09F87E3CA}.Release|Any CPU.ActiveCfg = Release|Any CPU
		{85C1DBC1-0786-4D93-A879-DAB09F87E3CA}.Release|Any CPU.Build.0 = Release|Any CPU
		{CDD6F3F4-ABBA-4E1F-9F85-99B377C0B168}.Debug|Any CPU.ActiveCfg = Debug|Any CPU
		{CDD6F3F4-ABBA-4E1F-9F85-99B377C0B168}.Debug|Any CPU.Build.0 = Debug|Any CPU
		{CDD6F3F4-ABBA-4E1F-9F85-99B377C0B168}.Release|Any CPU.ActiveCfg = Release|Any CPU
		{CDD6F3F4-ABBA-4E1F-9F85-99B377C0B168}.Release|Any CPU.Build.0 = Release|Any CPU
		{362337B0-5CB8-43ED-9F03-8F03A593F220}.Debug|Any CPU.ActiveCfg = Debug|Any CPU
		{362337B0-5CB8-43ED-9F03-8F03A593F220}.Debug|Any CPU.Build.0 = Debug|Any CPU
		{362337B0-5CB8-43ED-9F03-8F03A593F220}.Release|Any CPU.ActiveCfg = Release|Any CPU
		{362337B0-5CB8-43ED-9F03-8F03A593F220}.Release|Any CPU.Build.0 = Release|Any CPU
	EndGlobalSection
	GlobalSection(SolutionProperties) = preSolution
		HideSolutionNode = FALSE
	EndGlobalSection
	GlobalSection(NestedProjects) = preSolution
		{CDD6F3F4-ABBA-4E1F-9F85-99B377C0B168} = {CDCCA403-2F25-4C93-B153-6B654992DF85}
		{362337B0-5CB8-43ED-9F03-8F03A593F220} = {CDCCA403-2F25-4C93-B153-6B654992DF85}
	EndGlobalSection
	GlobalSection(ExtensibilityGlobals) = postSolution
		SolutionGuid = {D953D007-3FBC-4919-9800-B177EF533619}
	EndGlobalSection
EndGlobal
